
Microsoft Visual Studio Solution File, Format Version 12.00
# Visual Studio Version 17
VisualStudioVersion = 17.2.32630.192
MinimumVisualStudioVersion = 10.0.40219.1
Project("{8BC9CEB8-8B4A-11D0-8D11-00A0C91BC942}") = "p1314数组", "p1314数组\p1314数组.vcxproj", "{DDEF1730-236E-4566-8F75-4B3464467FAB}"
EndProject
Global
	GlobalSection(SolutionConfigurationPlatforms) = preSolution
		Debug|x64 = Debug|x64
		Debug|x86 = Debug|x86
		Release|x64 = Release|x64
		Release|x86 = Release|x86
	EndGlobalSection
	GlobalSection(ProjectConfigurationPlatforms) = postSolution
		{DDEF1730-236E-4566-8F75-4B3464467FAB}.Debug|x64.ActiveCfg = Debug|x64
		{DDEF1730-236E-4566-8F75-4B3464467FAB}.Debug|x64.Build.0 = Debug|x64
		{DDEF1730-236E-4566-8F75-4B3464467FAB}.Debug|x86.ActiveCfg = Debug|Win32
		{DDEF1730-236E-4566-8F75-4B3464467FAB}.Debug|x86.Build.0 = Debug|Win32
		{DDEF1730-236E-4566-8F75-4B3464467FAB}.Release|x64.ActiveCfg = Release|x64
		{DDEF1730-236E-4566-8F75-4B3464467FAB}.Release|x64.Build.0 = Release|x64
		{DDEF1730-236E-4566-8F75-4B3464467FAB}.Release|x86.ActiveCfg = Release|Win32
		{DDEF1730-236E-4566-8F75-4B3464467FAB}.Release|x86.Build.0 = Release|Win32
	EndGlobalSection
	GlobalSection(SolutionProperties) = preSolution
		HideSolutionNode = FALSE
	EndGlobalSection
	GlobalSection(ExtensibilityGlobals) = postSolution
		SolutionGuid = {83728468-F6E9-45EC-8BA7-07B461F387B1}
	EndGlobalSection
EndGlobal
